github.com/brandomy/hugo-base v0.1.0 h1:6x72jQEo00Wdgg7NulRORO9ZK8zFbSwvKuC1ZpTF79o=
github.com/brandomy/hugo-base v0.1.0/go.mod h1:UpEUkbp0Dk5eOOxe70SvlvdA4WdYo0hZAd+dSHVb7ZQ=
github.com/brandomy/hugo-base v0.1.1 h1:3W24bcWdZKGMS8hDQNyM60vOp0SZgNQ+pJNVVX/ISVo=
github.com/brandomy/hugo-base v0.1.1/go.mod h1:UpEUkbp0Dk5eOOxe70SvlvdA4WdYo0hZAd+dSHVb7ZQ=
